
Microsoft Visual Studio Solution File, Format Version 12.00
# Visual Studio Version 16
VisualStudioVersion = 16.0.31410.357
MinimumVisualStudioVersion = 10.0.40219.1
Project("{FAE04EC0-301F-11D3-BF4B-00C04F79EFBC}") = "TicketingSystem", "TicketingSystem.csproj", "{6506FE11-7643-4CBD-AA82-E2FBE03FEDCB}"
EndProject
Global
	GlobalSection(SolutionConfigurationPlatforms) = preSolution
		Debug|Any CPU = Debug|Any CPU
		Release|Any CPU = Release|Any CPU
	EndGlobalSection
	GlobalSection(ProjectConfigurationPlatforms) = postSolution
		{6506FE11-7643-4CBD-AA82-E2FBE03FEDCB}.Debug|Any CPU.ActiveCfg = Debug|Any CPU
		{6506FE11-7643-4CBD-AA82-E2FBE03FEDCB}.Debug|Any CPU.Build.0 = Debug|Any CPU
		{6506FE11-7643-4CBD-AA82-E2FBE03FEDCB}.Release|Any CPU.ActiveCfg = Release|Any CPU
		{6506FE11-7643-4CBD-AA82-E2FBE03FEDCB}.Release|Any CPU.Build.0 = Release|Any CPU
	EndGlobalSection
	GlobalSection(SolutionProperties) = preSolution
		HideSolutionNode = FALSE
	EndGlobalSection
	GlobalSection(ExtensibilityGlobals) = postSolution
		SolutionGuid = {C3081C75-57AF-4913-8229-863AF7B3B470}
	EndGlobalSection
EndGlobal
